PODS:
  - DateTools (2.0.0)
  - LXShare (0.0.5):
    - DateTools
    - Masonry
    - XAspect
  - Masonry (1.1.0)
  - XAspect (1.0.5):
    - XAspect/Core (= 1.0.5)
    - XAspect/Macros (= 1.0.5)
  - XAspect/Core (1.0.5):
    - XAspect/Macros
  - XAspect/Macros (1.0.5)

DEPENDENCIES:
  - DateTools
  - LXShare (from `../`)
  - Masonry

SPEC REPOS:
  trunk:
    - DateTools
    - Masonry
    - XAspect

EXTERNAL SOURCES:
  LXShare:
    :path: "../"

SPEC CHECKSUMS:
  DateTools: 933ac9c490f21f92127cf690ccd8c397e0126caf
  LXShare: 1df1d1c9a4a5b7d27db5faa03501a1d65f608075
  Masonry: 678fab65091a9290e40e2832a55e7ab731aad201
  XAspect: db50bf487f92dbb8557a7a5365556966c8493af8

PODFILE CHECKSUM: 39d7485de6bf80e75aa198221ec3ae4d575f2e94

COCOAPODS: 1.11.2
